
Microsoft Visual Studio Solution File, Format Version 10.00
# Visual Studio 2008
Project("{FAE04EC0-301F-11D3-BF4B-00C04F79EFBC}") = "dotnetbase", "dotnetbase\dotnetbase.csproj", "{2DA20B26-6F65-49B6-95E3-D8CCAA9E7EAE}"
EndProject
Project("{FAE04EC0-301F-11D3-BF4B-00C04F79EFBC}") = "dotnetbase.test", "dotnetbase.test\dotnetbase.test.csproj", "{BA65AFF3-2394-4D64-9211-FDF1FF5D60C3}"
EndProject
Project("{2150E333-8FDC-42A3-9474-1A3956D46DE8}") = "02 - Test", "02 - Test", "{F886D767-A436-4C58-A0CA-18F1DE1D1085}"
EndProject
Project("{2150E333-8FDC-42A3-9474-1A3956D46DE8}") = "01 - Core", "01 - Core", "{8A98A95E-B7D2-4F07-8DE5-9DDF6B0ECA9A}"
EndProject
Global
	GlobalSection(TestCaseManagementSettings) = postSolution
		CategoryFile = dotnetbase.vsmdi
	EndGlobalSection
	GlobalSection(SolutionConfigurationPlatforms) = preSolution
		Debug|Any CPU = Debug|Any CPU
		Release|Any CPU = Release|Any CPU
	EndGlobalSection
	GlobalSection(ProjectConfigurationPlatforms) = postSolution
		{2DA20B26-6F65-49B6-95E3-D8CCAA9E7EAE}.Debug|Any CPU.ActiveCfg = Debug|Any CPU
		{2DA20B26-6F65-49B6-95E3-D8CCAA9E7EAE}.Debug|Any CPU.Build.0 = Debug|Any CPU
		{2DA20B26-6F65-49B6-95E3-D8CCAA9E7EAE}.Release|Any CPU.ActiveCfg = Release|Any CPU
		{2DA20B26-6F65-49B6-95E3-D8CCAA9E7EAE}.Release|Any CPU.Build.0 = Release|Any CPU
		{BA65AFF3-2394-4D64-9211-FDF1FF5D60C3}.Debug|Any CPU.ActiveCfg = Debug|Any CPU
		{BA65AFF3-2394-4D64-9211-FDF1FF5D60C3}.Debug|Any CPU.Build.0 = Debug|Any CPU
		{BA65AFF3-2394-4D64-9211-FDF1FF5D60C3}.Release|Any CPU.ActiveCfg = Release|Any CPU
		{BA65AFF3-2394-4D64-9211-FDF1FF5D60C3}.Release|Any CPU.Build.0 = Release|Any CPU
	EndGlobalSection
	GlobalSection(SolutionProperties) = preSolution
		HideSolutionNode = FALSE
	EndGlobalSection
	GlobalSection(NestedProjects) = preSolution
		{BA65AFF3-2394-4D64-9211-FDF1FF5D60C3} = {F886D767-A436-4C58-A0CA-18F1DE1D1085}
		{2DA20B26-6F65-49B6-95E3-D8CCAA9E7EAE} = {8A98A95E-B7D2-4F07-8DE5-9DDF6B0ECA9A}
	EndGlobalSection
EndGlobal
